
Microsoft Visual Studio Solution File, Format Version 12.00
# Visual Studio Version 17
VisualStudioVersion = 17.3.32825.248
MinimumVisualStudioVersion = 10.0.40219.1
Project("{FAE04EC0-301F-11D3-BF4B-00C04F79EFBC}") = "ECommerceApi", "ECommerceApi\ECommerceApi.csproj", "{BE012716-F25D-472D-85F7-0BB0BD9256B9}"
EndProject
Project("{FAE04EC0-301F-11D3-BF4B-00C04F79EFBC}") = "InventoryApi", "InventoryApi\InventoryApi.csproj", "{77850342-2ECF-418D-9BAD-F082EBFF093F}"
EndProject
Project("{FAE04EC0-301F-11D3-BF4B-00C04F79EFBC}") = "EcommerceShared", "EcommerceShared\EcommerceShared.csproj", "{8A536463-BC75-43C6-9FB1-56F604C39905}"
EndProject
Global
	GlobalSection(SolutionConfigurationPlatforms) = preSolution
		Debug|Any CPU = Debug|Any CPU
		Release|Any CPU = Release|Any CPU
	EndGlobalSection
	GlobalSection(ProjectConfigurationPlatforms) = postSolution
		{BE012716-F25D-472D-85F7-0BB0BD9256B9}.Debug|Any CPU.ActiveCfg = Debug|Any CPU
		{BE012716-F25D-472D-85F7-0BB0BD9256B9}.Debug|Any CPU.Build.0 = Debug|Any CPU
		{BE012716-F25D-472D-85F7-0BB0BD9256B9}.Release|Any CPU.ActiveCfg = Release|Any CPU
		{BE012716-F25D-472D-85F7-0BB0BD9256B9}.Release|Any CPU.Build.0 = Release|Any CPU
		{77850342-2ECF-418D-9BAD-F082EBFF093F}.Debug|Any CPU.ActiveCfg = Debug|Any CPU
		{77850342-2ECF-418D-9BAD-F082EBFF093F}.Debug|Any CPU.Build.0 = Debug|Any CPU
		{77850342-2ECF-418D-9BAD-F082EBFF093F}.Release|Any CPU.ActiveCfg = Release|Any CPU
		{77850342-2ECF-418D-9BAD-F082EBFF093F}.Release|Any CPU.Build.0 = Release|Any CPU
		{8A536463-BC75-43C6-9FB1-56F604C39905}.Debug|Any CPU.ActiveCfg = Debug|Any CPU
		{8A536463-BC75-43C6-9FB1-56F604C39905}.Debug|Any CPU.Build.0 = Debug|Any CPU
		{8A536463-BC75-43C6-9FB1-56F604C39905}.Release|Any CPU.ActiveCfg = Release|Any CPU
		{8A536463-BC75-43C6-9FB1-56F604C39905}.Release|Any CPU.Build.0 = Release|Any CPU
	EndGlobalSection
	GlobalSection(SolutionProperties) = preSolution
		HideSolutionNode = FALSE
	EndGlobalSection
	GlobalSection(ExtensibilityGlobals) = postSolution
		SolutionGuid = {4A3928B8-F63E-4766-A483-919FF0A03C08}
	EndGlobalSection
EndGlobal
