
Microsoft Visual Studio Solution File, Format Version 12.00
# Visual Studio Version 17
VisualStudioVersion = 17.3.32825.248
MinimumVisualStudioVersion = 10.0.40219.1
Project("{FAE04EC0-301F-11D3-BF4B-00C04F79EFBC}") = "RegistrationProcessor", "RegistrationProcessor\RegistrationProcessor.csproj", "{02B222CD-3280-493E-9D89-70C7E4EB1D79}"
EndProject
Project("{9A19103F-16F7-4668-BE54-9A1E7A4F7556}") = "HypertheoryMessages", "..\..\HypertheoryMessages\HypertheoryMessages.csproj", "{66F8E45E-7A3F-44A9-B526-5F31CDBAE36A}"
EndProject
Global
	GlobalSection(SolutionConfigurationPlatforms) = preSolution
		Debug|Any CPU = Debug|Any CPU
		Release|Any CPU = Release|Any CPU
	EndGlobalSection
	GlobalSection(ProjectConfigurationPlatforms) = postSolution
		{02B222CD-3280-493E-9D89-70C7E4EB1D79}.Debug|Any CPU.ActiveCfg = Debug|Any CPU
		{02B222CD-3280-493E-9D89-70C7E4EB1D79}.Debug|Any CPU.Build.0 = Debug|Any CPU
		{02B222CD-3280-493E-9D89-70C7E4EB1D79}.Release|Any CPU.ActiveCfg = Release|Any CPU
		{02B222CD-3280-493E-9D89-70C7E4EB1D79}.Release|Any CPU.Build.0 = Release|Any CPU
		{66F8E45E-7A3F-44A9-B526-5F31CDBAE36A}.Debug|Any CPU.ActiveCfg = Debug|Any CPU
		{66F8E45E-7A3F-44A9-B526-5F31CDBAE36A}.Debug|Any CPU.Build.0 = Debug|Any CPU
		{66F8E45E-7A3F-44A9-B526-5F31CDBAE36A}.Release|Any CPU.ActiveCfg = Release|Any CPU
		{66F8E45E-7A3F-44A9-B526-5F31CDBAE36A}.Release|Any CPU.Build.0 = Release|Any CPU
	EndGlobalSection
	GlobalSection(SolutionProperties) = preSolution
		HideSolutionNode = FALSE
	EndGlobalSection
	GlobalSection(ExtensibilityGlobals) = postSolution
		SolutionGuid = {F7938521-5A2B-40E5-9292-A91F9B5F3873}
	EndGlobalSection
EndGlobal
